
Microsoft Visual Studio Solution File, Format Version 12.00
# Visual Studio 2013
VisualStudioVersion = 12.0.40629.0
MinimumVisualStudioVersion = 10.0.40219.1
Project("{8BC9CEB8-8B4A-11D0-8D11-00A0C91BC942}") = "StationControl", "StationControl\StationControl.vcxproj", "{C0AF7B9F-A2FD-4E61-8218-0540D0F9AE53}"
	ProjectSection(ProjectDependencies) = postProject
		{E3A058C5-F3E9-4046-8A9F-1C59F39F6098} = {E3A058C5-F3E9-4046-8A9F-1C59F39F6098}
		{D62EDEC6-06C8-4F89-9ABA-C7494A3A328A} = {D62EDEC6-06C8-4F89-9ABA-C7494A3A328A}
	EndProjectSection
EndProject
Project("{8BC9CEB8-8B4A-11D0-8D11-00A0C91BC942}") = "OperationTimeLine", "OperationTimeLine\OperationTimeLine.vcxproj", "{E3A058C5-F3E9-4046-8A9F-1C59F39F6098}"
	ProjectSection(ProjectDependencies) = postProject
		{D62EDEC6-06C8-4F89-9ABA-C7494A3A328A} = {D62EDEC6-06C8-4F89-9ABA-C7494A3A328A}
	EndProjectSection
EndProject
Project("{8BC9CEB8-8B4A-11D0-8D11-00A0C91BC942}") = "FAPanelBrowser", "FAPanelBrowser\FAPanelBrowser.vcxproj", "{05E85E03-4B32-4D79-940B-402926AAC16E}"
EndProject
Project("{8BC9CEB8-8B4A-11D0-8D11-00A0C91BC942}") = "RemoteGraph", "RemoteGraph\RemoteGraph.vcxproj", "{E1F24E8C-C3E5-46B5-97A2-E2C840CCD0D1}"
	ProjectSection(ProjectDependencies) = postProject
		{D62EDEC6-06C8-4F89-9ABA-C7494A3A328A} = {D62EDEC6-06C8-4F89-9ABA-C7494A3A328A}
		{6F845FCA-64E1-436D-B91A-188A80484DB0} = {6F845FCA-64E1-436D-B91A-188A80484DB0}
	EndProjectSection
EndProject
Project("{8BC9CEB8-8B4A-11D0-8D11-00A0C91BC942}") = "TrendServer", "TrendServer\TrendServer.vcxproj", "{7F2E746C-D96F-4304-B1EC-FE9A56E5CC4B}"
EndProject
Project("{8BC9CEB8-8B4A-11D0-8D11-00A0C91BC942}") = "ControlManagement", "ControlManagement\ControlManagement.vcxproj", "{BAB4EDBB-BA37-4B91-9C89-466C6F03A532}"
	ProjectSection(ProjectDependencies) = postProject
		{D62EDEC6-06C8-4F89-9ABA-C7494A3A328A} = {D62EDEC6-06C8-4F89-9ABA-C7494A3A328A}
		{6F845FCA-64E1-436D-B91A-188A80484DB0} = {6F845FCA-64E1-436D-B91A-188A80484DB0}
	EndProjectSection
EndProject
Project("{8BC9CEB8-8B4A-11D0-8D11-00A0C91BC942}") = "EngValConv", "EngValConv\EngValConv.vcxproj", "{D62EDEC6-06C8-4F89-9ABA-C7494A3A328A}"
EndProject
Project("{8BC9CEB8-8B4A-11D0-8D11-00A0C91BC942}") = "EngValConvDLL", "EngValConvDLL\EngValConvDLL.vcxproj", "{6F845FCA-64E1-436D-B91A-188A80484DB0}"
EndProject
Global
	GlobalSection(SolutionConfigurationPlatforms) = preSolution
		Debug|Mixed Platforms = Debug|Mixed Platforms
		Debug|Win32 = Debug|Win32
		Debug|x64 = Debug|x64
		DebugNoComm|Mixed Platforms = DebugNoComm|Mixed Platforms
		DebugNoComm|Win32 = DebugNoComm|Win32
		DebugNoComm|x64 = DebugNoComm|x64
		DebugTrendComm|Mixed Platforms = DebugTrendComm|Mixed Platforms
		DebugTrendComm|Win32 = DebugTrendComm|Win32
		DebugTrendComm|x64 = DebugTrendComm|x64
		Release|Mixed Platforms = Release|Mixed Platforms
		Release|Win32 = Release|Win32
		Release|x64 = Release|x64
		ReleaseNoComm|Mixed Platforms = ReleaseNoComm|Mixed Platforms
		ReleaseNoComm|Win32 = ReleaseNoComm|Win32
		ReleaseNoComm|x64 = ReleaseNoComm|x64
		ReleaseTrendComm|Mixed Platforms = ReleaseTrendComm|Mixed Platforms
		ReleaseTrendComm|Win32 = ReleaseTrendComm|Win32
		ReleaseTrendComm|x64 = ReleaseTrendComm|x64
	EndGlobalSection
	GlobalSection(ProjectConfigurationPlatforms) = postSolution
		{C0AF7B9F-A2FD-4E61-8218-0540D0F9AE53}.Debug|Mixed Platforms.ActiveCfg = Debug|Win32
		{C0AF7B9F-A2FD-4E61-8218-0540D0F9AE53}.Debug|Mixed Platforms.Build.0 = Debug|Win32
		{C0AF7B9F-A2FD-4E61-8218-0540D0F9AE53}.Debug|Win32.ActiveCfg = Debug|Win32
		{C0AF7B9F-A2FD-4E61-8218-0540D0F9AE53}.Debug|Win32.Build.0 = Debug|Win32
		{C0AF7B9F-A2FD-4E61-8218-0540D0F9AE53}.Debug|x64.ActiveCfg = Debug|x64
		{C0AF7B9F-A2FD-4E61-8218-0540D0F9AE53}.Debug|x64.Build.0 = Debug|x64
		{C0AF7B9F-A2FD-4E61-8218-0540D0F9AE53}.DebugNoComm|Mixed Platforms.ActiveCfg = DebugNoComm|Win32
		{C0AF7B9F-A2FD-4E61-8218-0540D0F9AE53}.DebugNoComm|Mixed Platforms.Build.0 = DebugNoComm|Win32
		{C0AF7B9F-A2FD-4E61-8218-0540D0F9AE53}.DebugNoComm|Win32.ActiveCfg = DebugNoComm|Win32
		{C0AF7B9F-A2FD-4E61-8218-0540D0F9AE53}.DebugNoComm|Win32.Build.0 = DebugNoComm|Win32
		{C0AF7B9F-A2FD-4E61-8218-0540D0F9AE53}.DebugNoComm|x64.ActiveCfg = DebugNoComm|x64
		{C0AF7B9F-A2FD-4E61-8218-0540D0F9AE53}.DebugNoComm|x64.Build.0 = DebugNoComm|x64
		{C0AF7B9F-A2FD-4E61-8218-0540D0F9AE53}.DebugTrendComm|Mixed Platforms.ActiveCfg = DebugTrendComm|Win32
		{C0AF7B9F-A2FD-4E61-8218-0540D0F9AE53}.DebugTrendComm|Mixed Platforms.Build.0 = DebugTrendComm|Win32
		{C0AF7B9F-A2FD-4E61-8218-0540D0F9AE53}.DebugTrendComm|Win32.ActiveCfg = DebugTrendComm|Win32
		{C0AF7B9F-A2FD-4E61-8218-0540D0F9AE53}.DebugTrendComm|Win32.Build.0 = DebugTrendComm|Win32
		{C0AF7B9F-A2FD-4E61-8218-0540D0F9AE53}.DebugTrendComm|x64.ActiveCfg = DebugTrendComm|x64
		{C0AF7B9F-A2FD-4E61-8218-0540D0F9AE53}.DebugTrendComm|x64.Build.0 = DebugTrendComm|x64
		{C0AF7B9F-A2FD-4E61-8218-0540D0F9AE53}.Release|Mixed Platforms.ActiveCfg = Release|Win32
		{C0AF7B9F-A2FD-4E61-8218-0540D0F9AE53}.Release|Mixed Platforms.Build.0 = Release|Win32
		{C0AF7B9F-A2FD-4E61-8218-0540D0F9AE53}.Release|Win32.ActiveCfg = Release|Win32
		{C0AF7B9F-A2FD-4E61-8218-0540D0F9AE53}.Release|Win32.Build.0 = Release|Win32
		{C0AF7B9F-A2FD-4E61-8218-0540D0F9AE53}.Release|x64.ActiveCfg = Release|x64
		{C0AF7B9F-A2FD-4E61-8218-0540D0F9AE53}.Release|x64.Build.0 = Release|x64
		{C0AF7B9F-A2FD-4E61-8218-0540D0F9AE53}.ReleaseNoComm|Mixed Platforms.ActiveCfg = ReleaseNoComm|Win32
		{C0AF7B9F-A2FD-4E61-8218-0540D0F9AE53}.ReleaseNoComm|Mixed Platforms.Build.0 = ReleaseNoComm|Win32
		{C0AF7B9F-A2FD-4E61-8218-0540D0F9AE53}.ReleaseNoComm|Win32.ActiveCfg = ReleaseNoComm|Win32
		{C0AF7B9F-A2FD-4E61-8218-0540D0F9AE53}.ReleaseNoComm|Win32.Build.0 = ReleaseNoComm|Win32
		{C0AF7B9F-A2FD-4E61-8218-0540D0F9AE53}.ReleaseNoComm|x64.ActiveCfg = ReleaseNoComm|x64
		{C0AF7B9F-A2FD-4E61-8218-0540D0F9AE53}.ReleaseNoComm|x64.Build.0 = ReleaseNoComm|x64
		{C0AF7B9F-A2FD-4E61-8218-0540D0F9AE53}.ReleaseTrendComm|Mixed Platforms.ActiveCfg = ReleaseTrendComm|Win32
		{C0AF7B9F-A2FD-4E61-8218-0540D0F9AE53}.ReleaseTrendComm|Mixed Platforms.Build.0 = ReleaseTrendComm|Win32
		{C0AF7B9F-A2FD-4E61-8218-0540D0F9AE53}.ReleaseTrendComm|Win32.ActiveCfg = ReleaseTrendComm|Win32
		{C0AF7B9F-A2FD-4E61-8218-0540D0F9AE53}.ReleaseTrendComm|Win32.Build.0 = ReleaseTrendComm|Win32
		{C0AF7B9F-A2FD-4E61-8218-0540D0F9AE53}.ReleaseTrendComm|x64.ActiveCfg = ReleaseTrendComm|x64
		{C0AF7B9F-A2FD-4E61-8218-0540D0F9AE53}.ReleaseTrendComm|x64.Build.0 = ReleaseTrendComm|x64
		{E3A058C5-F3E9-4046-8A9F-1C59F39F6098}.Debug|Mixed Platforms.ActiveCfg = Debug|Win32
		{E3A058C5-F3E9-4046-8A9F-1C59F39F6098}.Debug|Mixed Platforms.Build.0 = Debug|Win32
		{E3A058C5-F3E9-4046-8A9F-1C59F39F6098}.Debug|Win32.ActiveCfg = Debug|Win32
		{E3A058C5-F3E9-4046-8A9F-1C59F39F6098}.Debug|Win32.Build.0 = Debug|Win32
		{E3A058C5-F3E9-4046-8A9F-1C59F39F6098}.Debug|x64.ActiveCfg = Debug|Win32
		{E3A058C5-F3E9-4046-8A9F-1C59F39F6098}.DebugNoComm|Mixed Platforms.ActiveCfg = Debug|Win32
		{E3A058C5-F3E9-4046-8A9F-1C59F39F6098}.DebugNoComm|Mixed Platforms.Build.0 = Debug|Win32
		{E3A058C5-F3E9-4046-8A9F-1C59F39F6098}.DebugNoComm|Win32.ActiveCfg = Debug|Win32
		{E3A058C5-F3E9-4046-8A9F-1C59F39F6098}.DebugNoComm|Win32.Build.0 = Debug|Win32
		{E3A058C5-F3E9-4046-8A9F-1C59F39F6098}.DebugNoComm|x64.ActiveCfg = DebugNoComm|x64
		{E3A058C5-F3E9-4046-8A9F-1C59F39F6098}.DebugNoComm|x64.Build.0 = DebugNoComm|x64
		{E3A058C5-F3E9-4046-8A9F-1C59F39F6098}.DebugTrendComm|Mixed Platforms.ActiveCfg = DebugTrendComm|Win32
		{E3A058C5-F3E9-4046-8A9F-1C59F39F6098}.DebugTrendComm|Mixed Platforms.Build.0 = DebugTrendComm|Win32
		{E3A058C5-F3E9-4046-8A9F-1C59F39F6098}.DebugTrendComm|Win32.ActiveCfg = DebugTrendComm|Win32
		{E3A058C5-F3E9-4046-8A9F-1C59F39F6098}.DebugTrendComm|Win32.Build.0 = DebugTrendComm|Win32
		{E3A058C5-F3E9-4046-8A9F-1C59F39F6098}.DebugTrendComm|x64.ActiveCfg = DebugTrendComm|x64
		{E3A058C5-F3E9-4046-8A9F-1C59F39F6098}.DebugTrendComm|x64.Build.0 = DebugTrendComm|x64
		{E3A058C5-F3E9-4046-8A9F-1C59F39F6098}.Release|Mixed Platforms.ActiveCfg = Release|Win32
		{E3A058C5-F3E9-4046-8A9F-1C59F39F6098}.Release|Mixed Platforms.Build.0 = Release|Win32
		{E3A058C5-F3E9-4046-8A9F-1C59F39F6098}.Release|Win32.ActiveCfg = Release|Win32
		{E3A058C5-F3E9-4046-8A9F-1C59F39F6098}.Release|Win32.Build.0 = Release|Win32
		{E3A058C5-F3E9-4046-8A9F-1C59F39F6098}.Release|x64.ActiveCfg = Release|x64
		{E3A058C5-F3E9-4046-8A9F-1C59F39F6098}.ReleaseNoComm|Mixed Platforms.ActiveCfg = ReleaseNoComm|Win32
		{E3A058C5-F3E9-4046-8A9F-1C59F39F6098}.ReleaseNoComm|Mixed Platforms.Build.0 = ReleaseNoComm|Win32
		{E3A058C5-F3E9-4046-8A9F-1C59F39F6098}.ReleaseNoComm|Win32.ActiveCfg = ReleaseNoComm|Win32
		{E3A058C5-F3E9-4046-8A9F-1C59F39F6098}.ReleaseNoComm|x64.ActiveCfg = ReleaseNoComm|x64
		{E3A058C5-F3E9-4046-8A9F-1C59F39F6098}.ReleaseNoComm|x64.Build.0 = ReleaseNoComm|x64
		{E3A058C5-F3E9-4046-8A9F-1C59F39F6098}.ReleaseTrendComm|Mixed Platforms.ActiveCfg = ReleaseTrendComm|Win32
		{E3A058C5-F3E9-4046-8A9F-1C59F39F6098}.ReleaseTrendComm|Mixed Platforms.Build.0 = ReleaseTrendComm|Win32
		{E3A058C5-F3E9-4046-8A9F-1C59F39F6098}.ReleaseTrendComm|Win32.ActiveCfg = ReleaseTrendComm|Win32
		{E3A058C5-F3E9-4046-8A9F-1C59F39F6098}.ReleaseTrendComm|Win32.Build.0 = ReleaseTrendComm|Win32
		{E3A058C5-F3E9-4046-8A9F-1C59F39F6098}.ReleaseTrendComm|x64.ActiveCfg = ReleaseTrendComm|x64
		{E3A058C5-F3E9-4046-8A9F-1C59F39F6098}.ReleaseTrendComm|x64.Build.0 = ReleaseTrendComm|x64
		{05E85E03-4B32-4D79-940B-402926AAC16E}.Debug|Mixed Platforms.ActiveCfg = Debug|Win32
		{05E85E03-4B32-4D79-940B-402926AAC16E}.Debug|Mixed Platforms.Build.0 = Debug|Win32
		{05E85E03-4B32-4D79-940B-402926AAC16E}.Debug|Win32.ActiveCfg = Debug|Win32
		{05E85E03-4B32-4D79-940B-402926AAC16E}.Debug|Win32.Build.0 = Debug|Win32
		{05E85E03-4B32-4D79-940B-402926AAC16E}.Debug|x64.ActiveCfg = Debug|x64
		{05E85E03-4B32-4D79-940B-402926AAC16E}.Debug|x64.Build.0 = Debug|x64
		{05E85E03-4B32-4D79-940B-402926AAC16E}.DebugNoComm|Mixed Platforms.ActiveCfg = Debug|Win32
		{05E85E03-4B32-4D79-940B-402926AAC16E}.DebugNoComm|Mixed Platforms.Build.0 = Debug|Win32
		{05E85E03-4B32-4D79-940B-402926AAC16E}.DebugNoComm|Win32.ActiveCfg = Debug|Win32
		{05E85E03-4B32-4D79-940B-402926AAC16E}.DebugNoComm|Win32.Build.0 = Debug|Win32
		{05E85E03-4B32-4D79-940B-402926AAC16E}.DebugNoComm|x64.ActiveCfg = DebugNoComm|x64
		{05E85E03-4B32-4D79-940B-402926AAC16E}.DebugNoComm|x64.Build.0 = DebugNoComm|x64
		{05E85E03-4B32-4D79-940B-402926AAC16E}.DebugTrendComm|Mixed Platforms.ActiveCfg = DebugTrendComm|Win32
		{05E85E03-4B32-4D79-940B-402926AAC16E}.DebugTrendComm|Win32.ActiveCfg = DebugTrendComm|Win32
		{05E85E03-4B32-4D79-940B-402926AAC16E}.DebugTrendComm|Win32.Build.0 = DebugTrendComm|Win32
		{05E85E03-4B32-4D79-940B-402926AAC16E}.DebugTrendComm|x64.ActiveCfg = DebugTrendComm|x64
		{05E85E03-4B32-4D79-940B-402926AAC16E}.Release|Mixed Platforms.ActiveCfg = Release|Win32
		{05E85E03-4B32-4D79-940B-402926AAC16E}.Release|Mixed Platforms.Build.0 = Release|Win32
		{05E85E03-4B32-4D79-940B-402926AAC16E}.Release|Win32.ActiveCfg = Release|Win32
		{05E85E03-4B32-4D79-940B-402926AAC16E}.Release|Win32.Build.0 = Release|Win32
		{05E85E03-4B32-4D79-940B-402926AAC16E}.Release|x64.ActiveCfg = Release|x64
		{05E85E03-4B32-4D79-940B-402926AAC16E}.Release|x64.Build.0 = Release|x64
		{05E85E03-4B32-4D79-940B-402926AAC16E}.ReleaseNoComm|Mixed Platforms.ActiveCfg = Release|Win32
		{05E85E03-4B32-4D79-940B-402926AAC16E}.ReleaseNoComm|Mixed Platforms.Build.0 = Release|Win32
		{05E85E03-4B32-4D79-940B-402926AAC16E}.ReleaseNoComm|Win32.ActiveCfg = Release|Win32
		{05E85E03-4B32-4D79-940B-402926AAC16E}.ReleaseNoComm|Win32.Build.0 = Release|Win32
		{05E85E03-4B32-4D79-940B-402926AAC16E}.ReleaseNoComm|x64.ActiveCfg = ReleaseNoComm|x64
		{05E85E03-4B32-4D79-940B-402926AAC16E}.ReleaseNoComm|x64.Build.0 = ReleaseNoComm|x64
		{05E85E03-4B32-4D79-940B-402926AAC16E}.ReleaseTrendComm|Mixed Platforms.ActiveCfg = ReleaseTrendComm|Win32
		{05E85E03-4B32-4D79-940B-402926AAC16E}.ReleaseTrendComm|Mixed Platforms.Build.0 = ReleaseTrendComm|Win32
		{05E85E03-4B32-4D79-940B-402926AAC16E}.ReleaseTrendComm|Win32.ActiveCfg = ReleaseTrendComm|Win32
		{05E85E03-4B32-4D79-940B-402926AAC16E}.ReleaseTrendComm|Win32.Build.0 = ReleaseTrendComm|Win32
		{05E85E03-4B32-4D79-940B-402926AAC16E}.ReleaseTrendComm|x64.ActiveCfg = ReleaseTrendComm|x64
		{E1F24E8C-C3E5-46B5-97A2-E2C840CCD0D1}.Debug|Mixed Platforms.ActiveCfg = Debug|Win32
		{E1F24E8C-C3E5-46B5-97A2-E2C840CCD0D1}.Debug|Mixed Platforms.Build.0 = Debug|Win32
		{E1F24E8C-C3E5-46B5-97A2-E2C840CCD0D1}.Debug|Win32.ActiveCfg = Debug|Win32
		{E1F24E8C-C3E5-46B5-97A2-E2C840CCD0D1}.Debug|Win32.Build.0 = Debug|Win32
		{E1F24E8C-C3E5-46B5-97A2-E2C840CCD0D1}.Debug|x64.ActiveCfg = Debug|x64
		{E1F24E8C-C3E5-46B5-97A2-E2C840CCD0D1}.Debug|x64.Build.0 = Debug|x64
		{E1F24E8C-C3E5-46B5-97A2-E2C840CCD0D1}.DebugNoComm|Mixed Platforms.ActiveCfg = Debug|Win32
		{E1F24E8C-C3E5-46B5-97A2-E2C840CCD0D1}.DebugNoComm|Mixed Platforms.Build.0 = Debug|Win32
		{E1F24E8C-C3E5-46B5-97A2-E2C840CCD0D1}.DebugNoComm|Win32.ActiveCfg = Debug|Win32
		{E1F24E8C-C3E5-46B5-97A2-E2C840CCD0D1}.DebugNoComm|Win32.Build.0 = Debug|Win32
		{E1F24E8C-C3E5-46B5-97A2-E2C840CCD0D1}.DebugNoComm|x64.ActiveCfg = DebugNoComm|x64
		{E1F24E8C-C3E5-46B5-97A2-E2C840CCD0D1}.DebugNoComm|x64.Build.0 = DebugNoComm|x64
		{E1F24E8C-C3E5-46B5-97A2-E2C840CCD0D1}.DebugTrendComm|Mixed Platforms.ActiveCfg = DebugTrendComm|Win32
		{E1F24E8C-C3E5-46B5-97A2-E2C840CCD0D1}.DebugTrendComm|Mixed Platforms.Build.0 = DebugTrendComm|Win32
		{E1F24E8C-C3E5-46B5-97A2-E2C840CCD0D1}.DebugTrendComm|Win32.ActiveCfg = DebugTrendComm|Win32
		{E1F24E8C-C3E5-46B5-97A2-E2C840CCD0D1}.DebugTrendComm|Win32.Build.0 = DebugTrendComm|Win32
		{E1F24E8C-C3E5-46B5-97A2-E2C840CCD0D1}.DebugTrendComm|x64.ActiveCfg = DebugTrendComm|x64
		{E1F24E8C-C3E5-46B5-97A2-E2C840CCD0D1}.DebugTrendComm|x64.Build.0 = DebugTrendComm|x64
		{E1F24E8C-C3E5-46B5-97A2-E2C840CCD0D1}.Release|Mixed Platforms.ActiveCfg = Release|Win32
		{E1F24E8C-C3E5-46B5-97A2-E2C840CCD0D1}.Release|Mixed Platforms.Build.0 = Release|Win32
		{E1F24E8C-C3E5-46B5-97A2-E2C840CCD0D1}.Release|Win32.ActiveCfg = Release|Win32
		{E1F24E8C-C3E5-46B5-97A2-E2C840CCD0D1}.Release|Win32.Build.0 = Release|Win32
		{E1F24E8C-C3E5-46B5-97A2-E2C840CCD0D1}.Release|x64.ActiveCfg = Release|x64
		{E1F24E8C-C3E5-46B5-97A2-E2C840CCD0D1}.Release|x64.Build.0 = Release|x64
		{E1F24E8C-C3E5-46B5-97A2-E2C840CCD0D1}.ReleaseNoComm|Mixed Platforms.ActiveCfg = Release|Win32
		{E1F24E8C-C3E5-46B5-97A2-E2C840CCD0D1}.ReleaseNoComm|Mixed Platforms.Build.0 = Release|Win32
		{E1F24E8C-C3E5-46B5-97A2-E2C840CCD0D1}.ReleaseNoComm|Win32.ActiveCfg = Release|Win32
		{E1F24E8C-C3E5-46B5-97A2-E2C840CCD0D1}.ReleaseNoComm|Win32.Build.0 = Release|Win32
		{E1F24E8C-C3E5-46B5-97A2-E2C840CCD0D1}.ReleaseNoComm|x64.ActiveCfg = ReleaseNoComm|x64
		{E1F24E8C-C3E5-46B5-97A2-E2C840CCD0D1}.ReleaseNoComm|x64.Build.0 = ReleaseNoComm|x64
		{E1F24E8C-C3E5-46B5-97A2-E2C840CCD0D1}.ReleaseTrendComm|Mixed Platforms.ActiveCfg = ReleaseTrendComm|Win32
		{E1F24E8C-C3E5-46B5-97A2-E2C840CCD0D1}.ReleaseTrendComm|Mixed Platforms.Build.0 = ReleaseTrendComm|Win32
		{E1F24E8C-C3E5-46B5-97A2-E2C840CCD0D1}.ReleaseTrendComm|Win32.ActiveCfg = ReleaseTrendComm|Win32
		{E1F24E8C-C3E5-46B5-97A2-E2C840CCD0D1}.ReleaseTrendComm|Win32.Build.0 = ReleaseTrendComm|Win32
		{E1F24E8C-C3E5-46B5-97A2-E2C840CCD0D1}.ReleaseTrendComm|x64.ActiveCfg = ReleaseTrendComm|x64
		{E1F24E8C-C3E5-46B5-97A2-E2C840CCD0D1}.ReleaseTrendComm|x64.Build.0 = ReleaseTrendComm|x64
		{7F2E746C-D96F-4304-B1EC-FE9A56E5CC4B}.Debug|Mixed Platforms.ActiveCfg = Debug|Win32
		{7F2E746C-D96F-4304-B1EC-FE9A56E5CC4B}.Debug|Mixed Platforms.Build.0 = Debug|Win32
		{7F2E746C-D96F-4304-B1EC-FE9A56E5CC4B}.Debug|Win32.ActiveCfg = Debug|Win32
		{7F2E746C-D96F-4304-B1EC-FE9A56E5CC4B}.Debug|Win32.Build.0 = Debug|Win32
		{7F2E746C-D96F-4304-B1EC-FE9A56E5CC4B}.Debug|x64.ActiveCfg = Debug|Win32
		{7F2E746C-D96F-4304-B1EC-FE9A56E5CC4B}.DebugNoComm|Mixed Platforms.ActiveCfg = Debug|Win32
		{7F2E746C-D96F-4304-B1EC-FE9A56E5CC4B}.DebugNoComm|Mixed Platforms.Build.0 = Debug|Win32
		{7F2E746C-D96F-4304-B1EC-FE9A56E5CC4B}.DebugNoComm|Win32.ActiveCfg = Debug|Win32
		{7F2E746C-D96F-4304-B1EC-FE9A56E5CC4B}.DebugNoComm|Win32.Build.0 = Debug|Win32
		{7F2E746C-D96F-4304-B1EC-FE9A56E5CC4B}.DebugNoComm|x64.ActiveCfg = Debug|Win32
		{7F2E746C-D96F-4304-B1EC-FE9A56E5CC4B}.DebugTrendComm|Mixed Platforms.ActiveCfg = DebugTrendComm|Win32
		{7F2E746C-D96F-4304-B1EC-FE9A56E5CC4B}.DebugTrendComm|Win32.ActiveCfg = DebugTrendComm|Win32
		{7F2E746C-D96F-4304-B1EC-FE9A56E5CC4B}.DebugTrendComm|x64.ActiveCfg = DebugTrendComm|Win32
		{7F2E746C-D96F-4304-B1EC-FE9A56E5CC4B}.Release|Mixed Platforms.ActiveCfg = Release|Win32
		{7F2E746C-D96F-4304-B1EC-FE9A56E5CC4B}.Release|Mixed Platforms.Build.0 = Release|Win32
		{7F2E746C-D96F-4304-B1EC-FE9A56E5CC4B}.Release|Win32.ActiveCfg = Release|Win32
		{7F2E746C-D96F-4304-B1EC-FE9A56E5CC4B}.Release|Win32.Build.0 = Release|Win32
		{7F2E746C-D96F-4304-B1EC-FE9A56E5CC4B}.Release|x64.ActiveCfg = Release|Win32
		{7F2E746C-D96F-4304-B1EC-FE9A56E5CC4B}.ReleaseNoComm|Mixed Platforms.ActiveCfg = Release|Win32
		{7F2E746C-D96F-4304-B1EC-FE9A56E5CC4B}.ReleaseNoComm|Mixed Platforms.Build.0 = Release|Win32
		{7F2E746C-D96F-4304-B1EC-FE9A56E5CC4B}.ReleaseNoComm|Win32.ActiveCfg = Release|Win32
		{7F2E746C-D96F-4304-B1EC-FE9A56E5CC4B}.ReleaseNoComm|Win32.Build.0 = Release|Win32
		{7F2E746C-D96F-4304-B1EC-FE9A56E5CC4B}.ReleaseNoComm|x64.ActiveCfg = Release|Win32
		{7F2E746C-D96F-4304-B1EC-FE9A56E5CC4B}.ReleaseTrendComm|Mixed Platforms.ActiveCfg = ReleaseTrendComm|Win32
		{7F2E746C-D96F-4304-B1EC-FE9A56E5CC4B}.ReleaseTrendComm|Mixed Platforms.Build.0 = ReleaseTrendComm|Win32
		{7F2E746C-D96F-4304-B1EC-FE9A56E5CC4B}.ReleaseTrendComm|Win32.ActiveCfg = ReleaseTrendComm|Win32
		{7F2E746C-D96F-4304-B1EC-FE9A56E5CC4B}.ReleaseTrendComm|x64.ActiveCfg = ReleaseTrendComm|Win32
		{BAB4EDBB-BA37-4B91-9C89-466C6F03A532}.Debug|Mixed Platforms.ActiveCfg = Debug|Win32
		{BAB4EDBB-BA37-4B91-9C89-466C6F03A532}.Debug|Mixed Platforms.Build.0 = Debug|Win32
		{BAB4EDBB-BA37-4B91-9C89-466C6F03A532}.Debug|Win32.ActiveCfg = Debug|Win32
		{BAB4EDBB-BA37-4B91-9C89-466C6F03A532}.Debug|Win32.Build.0 = Debug|Win32
		{BAB4EDBB-BA37-4B91-9C89-466C6F03A532}.Debug|x64.ActiveCfg = Debug|Win32
		{BAB4EDBB-BA37-4B91-9C89-466C6F03A532}.DebugNoComm|Mixed Platforms.ActiveCfg = Debug|Win32
		{BAB4EDBB-BA37-4B91-9C89-466C6F03A532}.DebugNoComm|Mixed Platforms.Build.0 = Debug|Win32
		{BAB4EDBB-BA37-4B91-9C89-466C6F03A532}.DebugNoComm|Win32.ActiveCfg = Debug|Win32
		{BAB4EDBB-BA37-4B91-9C89-466C6F03A532}.DebugNoComm|Win32.Build.0 = Debug|Win32
		{BAB4EDBB-BA37-4B91-9C89-466C6F03A532}.DebugNoComm|x64.ActiveCfg = Debug|Win32
		{BAB4EDBB-BA37-4B91-9C89-466C6F03A532}.DebugTrendComm|Mixed Platforms.ActiveCfg = DebugTrendComm|Win32
		{BAB4EDBB-BA37-4B91-9C89-466C6F03A532}.DebugTrendComm|Mixed Platforms.Build.0 = DebugTrendComm|Win32
		{BAB4EDBB-BA37-4B91-9C89-466C6F03A532}.DebugTrendComm|Win32.ActiveCfg = Debug|Win32
		{BAB4EDBB-BA37-4B91-9C89-466C6F03A532}.DebugTrendComm|Win32.Build.0 = Debug|Win32
		{BAB4EDBB-BA37-4B91-9C89-466C6F03A532}.DebugTrendComm|x64.ActiveCfg = DebugTrendComm|x64
		{BAB4EDBB-BA37-4B91-9C89-466C6F03A532}.DebugTrendComm|x64.Build.0 = DebugTrendComm|x64
		{BAB4EDBB-BA37-4B91-9C89-466C6F03A532}.Release|Mixed Platforms.ActiveCfg = Release|Win32
		{BAB4EDBB-BA37-4B91-9C89-466C6F03A532}.Release|Mixed Platforms.Build.0 = Release|Win32
		{BAB4EDBB-BA37-4B91-9C89-466C6F03A532}.Release|Win32.ActiveCfg = Release|Win32
		{BAB4EDBB-BA37-4B91-9C89-466C6F03A532}.Release|Win32.Build.0 = Release|Win32
		{BAB4EDBB-BA37-4B91-9C89-466C6F03A532}.Release|x64.ActiveCfg = Release|Win32
		{BAB4EDBB-BA37-4B91-9C89-466C6F03A532}.ReleaseNoComm|Mixed Platforms.ActiveCfg = Release|Win32
		{BAB4EDBB-BA37-4B91-9C89-466C6F03A532}.ReleaseNoComm|Mixed Platforms.Build.0 = Release|Win32
		{BAB4EDBB-BA37-4B91-9C89-466C6F03A532}.ReleaseNoComm|Win32.ActiveCfg = Release|Win32
		{BAB4EDBB-BA37-4B91-9C89-466C6F03A532}.ReleaseNoComm|Win32.Build.0 = Release|Win32
		{BAB4EDBB-BA37-4B91-9C89-466C6F03A532}.ReleaseNoComm|x64.ActiveCfg = Release|Win32
		{BAB4EDBB-BA37-4B91-9C89-466C6F03A532}.ReleaseTrendComm|Mixed Platforms.ActiveCfg = Release|Win32
		{BAB4EDBB-BA37-4B91-9C89-466C6F03A532}.ReleaseTrendComm|Mixed Platforms.Build.0 = Release|Win32
		{BAB4EDBB-BA37-4B91-9C89-466C6F03A532}.ReleaseTrendComm|Win32.ActiveCfg = Release|Win32
		{BAB4EDBB-BA37-4B91-9C89-466C6F03A532}.ReleaseTrendComm|Win32.Build.0 = Release|Win32
		{BAB4EDBB-BA37-4B91-9C89-466C6F03A532}.ReleaseTrendComm|x64.ActiveCfg = ReleaseTrendComm|x64
		{BAB4EDBB-BA37-4B91-9C89-466C6F03A532}.ReleaseTrendComm|x64.Build.0 = ReleaseTrendComm|x64
		{D62EDEC6-06C8-4F89-9ABA-C7494A3A328A}.Debug|Mixed Platforms.ActiveCfg = Debug|Win32
		{D62EDEC6-06C8-4F89-9ABA-C7494A3A328A}.Debug|Mixed Platforms.Build.0 = Debug|Win32
		{D62EDEC6-06C8-4F89-9ABA-C7494A3A328A}.Debug|Win32.ActiveCfg = Debug|Win32
		{D62EDEC6-06C8-4F89-9ABA-C7494A3A328A}.Debug|Win32.Build.0 = Debug|Win32
		{D62EDEC6-06C8-4F89-9ABA-C7494A3A328A}.Debug|x64.ActiveCfg = Debug|x64
		{D62EDEC6-06C8-4F89-9ABA-C7494A3A328A}.Debug|x64.Build.0 = Debug|x64
		{D62EDEC6-06C8-4F89-9ABA-C7494A3A328A}.DebugNoComm|Mixed Platforms.ActiveCfg = Debug|Win32
		{D62EDEC6-06C8-4F89-9ABA-C7494A3A328A}.DebugNoComm|Mixed Platforms.Build.0 = Debug|Win32
		{D62EDEC6-06C8-4F89-9ABA-C7494A3A328A}.DebugNoComm|Win32.ActiveCfg = Debug|Win32
		{D62EDEC6-06C8-4F89-9ABA-C7494A3A328A}.DebugNoComm|Win32.Build.0 = Debug|Win32
		{D62EDEC6-06C8-4F89-9ABA-C7494A3A328A}.DebugNoComm|x64.ActiveCfg = DebugNoComm|x64
		{D62EDEC6-06C8-4F89-9ABA-C7494A3A328A}.DebugNoComm|x64.Build.0 = DebugNoComm|x64
		{D62EDEC6-06C8-4F89-9ABA-C7494A3A328A}.DebugTrendComm|Mixed Platforms.ActiveCfg = DebugTrendComm|Win32
		{D62EDEC6-06C8-4F89-9ABA-C7494A3A328A}.DebugTrendComm|Mixed Platforms.Build.0 = DebugTrendComm|Win32
		{D62EDEC6-06C8-4F89-9ABA-C7494A3A328A}.DebugTrendComm|Win32.ActiveCfg = Debug|Win32
		{D62EDEC6-06C8-4F89-9ABA-C7494A3A328A}.DebugTrendComm|Win32.Build.0 = Debug|Win32
		{D62EDEC6-06C8-4F89-9ABA-C7494A3A328A}.DebugTrendComm|x64.ActiveCfg = DebugTrendComm|x64
		{D62EDEC6-06C8-4F89-9ABA-C7494A3A328A}.DebugTrendComm|x64.Build.0 = DebugTrendComm|x64
		{D62EDEC6-06C8-4F89-9ABA-C7494A3A328A}.Release|Mixed Platforms.ActiveCfg = Release|Win32
		{D62EDEC6-06C8-4F89-9ABA-C7494A3A328A}.Release|Mixed Platforms.Build.0 = Release|Win32
		{D62EDEC6-06C8-4F89-9ABA-C7494A3A328A}.Release|Win32.ActiveCfg = Release|Win32
		{D62EDEC6-06C8-4F89-9ABA-C7494A3A328A}.Release|Win32.Build.0 = Release|Win32
		{D62EDEC6-06C8-4F89-9ABA-C7494A3A328A}.Release|x64.ActiveCfg = Release|x64
		{D62EDEC6-06C8-4F89-9ABA-C7494A3A328A}.Release|x64.Build.0 = Release|x64
		{D62EDEC6-06C8-4F89-9ABA-C7494A3A328A}.ReleaseNoComm|Mixed Platforms.ActiveCfg = Release|Win32
		{D62EDEC6-06C8-4F89-9ABA-C7494A3A328A}.ReleaseNoComm|Mixed Platforms.Build.0 = Release|Win32
		{D62EDEC6-06C8-4F89-9ABA-C7494A3A328A}.ReleaseNoComm|Win32.ActiveCfg = Release|Win32
		{D62EDEC6-06C8-4F89-9ABA-C7494A3A328A}.ReleaseNoComm|Win32.Build.0 = Release|Win32
		{D62EDEC6-06C8-4F89-9ABA-C7494A3A328A}.ReleaseNoComm|x64.ActiveCfg = ReleaseNoComm|x64
		{D62EDEC6-06C8-4F89-9ABA-C7494A3A328A}.ReleaseNoComm|x64.Build.0 = ReleaseNoComm|x64
		{D62EDEC6-06C8-4F89-9ABA-C7494A3A328A}.ReleaseTrendComm|Mixed Platforms.ActiveCfg = Release|Win32
		{D62EDEC6-06C8-4F89-9ABA-C7494A3A328A}.ReleaseTrendComm|Mixed Platforms.Build.0 = Release|Win32
		{D62EDEC6-06C8-4F89-9ABA-C7494A3A328A}.ReleaseTrendComm|Win32.ActiveCfg = Release|Win32
		{D62EDEC6-06C8-4F89-9ABA-C7494A3A328A}.ReleaseTrendComm|Win32.Build.0 = Release|Win32
		{D62EDEC6-06C8-4F89-9ABA-C7494A3A328A}.ReleaseTrendComm|x64.ActiveCfg = ReleaseTrendComm|x64
		{D62EDEC6-06C8-4F89-9ABA-C7494A3A328A}.ReleaseTrendComm|x64.Build.0 = ReleaseTrendComm|x64
		{6F845FCA-64E1-436D-B91A-188A80484DB0}.Debug|Mixed Platforms.ActiveCfg = Debug|Win32
		{6F845FCA-64E1-436D-B91A-188A80484DB0}.Debug|Mixed Platforms.Build.0 = Debug|Win32
		{6F845FCA-64E1-436D-B91A-188A80484DB0}.Debug|Win32.ActiveCfg = Debug|Win32
		{6F845FCA-64E1-436D-B91A-188A80484DB0}.Debug|Win32.Build.0 = Debug|Win32
		{6F845FCA-64E1-436D-B91A-188A80484DB0}.Debug|x64.ActiveCfg = Debug|Win32
		{6F845FCA-64E1-436D-B91A-188A80484DB0}.DebugNoComm|Mixed Platforms.ActiveCfg = Debug|Win32
		{6F845FCA-64E1-436D-B91A-188A80484DB0}.DebugNoComm|Mixed Platforms.Build.0 = Debug|Win32
		{6F845FCA-64E1-436D-B91A-188A80484DB0}.DebugNoComm|Win32.ActiveCfg = Debug|Win32
		{6F845FCA-64E1-436D-B91A-188A80484DB0}.DebugNoComm|Win32.Build.0 = Debug|Win32
		{6F845FCA-64E1-436D-B91A-188A80484DB0}.DebugNoComm|x64.ActiveCfg = DebugNoComm|x64
		{6F845FCA-64E1-436D-B91A-188A80484DB0}.DebugNoComm|x64.Build.0 = DebugNoComm|x64
		{6F845FCA-64E1-436D-B91A-188A80484DB0}.DebugTrendComm|Mixed Platforms.ActiveCfg = DebugTrendComm|Win32
		{6F845FCA-64E1-436D-B91A-188A80484DB0}.DebugTrendComm|Mixed Platforms.Build.0 = DebugTrendComm|Win32
		{6F845FCA-64E1-436D-B91A-188A80484DB0}.DebugTrendComm|Win32.ActiveCfg = Debug|Win32
		{6F845FCA-64E1-436D-B91A-188A80484DB0}.DebugTrendComm|Win32.Build.0 = Debug|Win32
		{6F845FCA-64E1-436D-B91A-188A80484DB0}.DebugTrendComm|x64.ActiveCfg = DebugTrendComm|x64
		{6F845FCA-64E1-436D-B91A-188A80484DB0}.DebugTrendComm|x64.Build.0 = DebugTrendComm|x64
		{6F845FCA-64E1-436D-B91A-188A80484DB0}.Release|Mixed Platforms.ActiveCfg = Release|Win32
		{6F845FCA-64E1-436D-B91A-188A80484DB0}.Release|Mixed Platforms.Build.0 = Release|Win32
		{6F845FCA-64E1-436D-B91A-188A80484DB0}.Release|Win32.ActiveCfg = Release|Win32
		{6F845FCA-64E1-436D-B91A-188A80484DB0}.Release|Win32.Build.0 = Release|Win32
		{6F845FCA-64E1-436D-B91A-188A80484DB0}.Release|x64.ActiveCfg = Release|Win32
		{6F845FCA-64E1-436D-B91A-188A80484DB0}.ReleaseNoComm|Mixed Platforms.ActiveCfg = Release|Win32
		{6F845FCA-64E1-436D-B91A-188A80484DB0}.ReleaseNoComm|Mixed Platforms.Build.0 = Release|Win32
		{6F845FCA-64E1-436D-B91A-188A80484DB0}.ReleaseNoComm|Win32.ActiveCfg = Release|Win32
		{6F845FCA-64E1-436D-B91A-188A80484DB0}.ReleaseNoComm|Win32.Build.0 = Release|Win32
		{6F845FCA-64E1-436D-B91A-188A80484DB0}.ReleaseNoComm|x64.ActiveCfg = ReleaseNoComm|x64
		{6F845FCA-64E1-436D-B91A-188A80484DB0}.ReleaseNoComm|x64.Build.0 = ReleaseNoComm|x64
		{6F845FCA-64E1-436D-B91A-188A80484DB0}.ReleaseTrendComm|Mixed Platforms.ActiveCfg = Release|Win32
		{6F845FCA-64E1-436D-B91A-188A80484DB0}.ReleaseTrendComm|Mixed Platforms.Build.0 = Release|Win32
		{6F845FCA-64E1-436D-B91A-188A80484DB0}.ReleaseTrendComm|Win32.ActiveCfg = Release|Win32
		{6F845FCA-64E1-436D-B91A-188A80484DB0}.ReleaseTrendComm|Win32.Build.0 = Release|Win32
		{6F845FCA-64E1-436D-B91A-188A80484DB0}.ReleaseTrendComm|x64.ActiveCfg = ReleaseTrendComm|x64
		{6F845FCA-64E1-436D-B91A-188A80484DB0}.ReleaseTrendComm|x64.Build.0 = ReleaseTrendComm|x64
	EndGlobalSection
	GlobalSection(SolutionProperties) = preSolution
		HideSolutionNode = FALSE
	EndGlobalSection
EndGlobal
