
Microsoft Visual Studio Solution File, Format Version 12.00
# Visual Studio 14
VisualStudioVersion = 14.0.25420.1
MinimumVisualStudioVersion = 10.0.40219.1
Project("{FAE04EC0-301F-11D3-BF4B-00C04F79EFBC}") = "DispatcherService", "DispatcherService\DispatcherService.csproj", "{3054F192-3972-47E7-8B41-2248E2CF1D95}"
EndProject
Project("{FAE04EC0-301F-11D3-BF4B-00C04F79EFBC}") = "DispatcherApp", "DispatcherApp\DispatcherApp.csproj", "{1B65F3A9-FCC3-404C-8190-C722498D8176}"
EndProject
Project("{FAE04EC0-301F-11D3-BF4B-00C04F79EFBC}") = "DispatcherGUI", "DispatcherGUI\DispatcherGUI.csproj", "{0AE4684F-F06C-4609-9B64-6056D980DF29}"
EndProject
Project("{FAE04EC0-301F-11D3-BF4B-00C04F79EFBC}") = "PipeMonitor", "PipeMonitor\PipeMonitor.csproj", "{6EE09D4B-C757-4372-A538-C71C2F096371}"
EndProject
Global
	GlobalSection(SolutionConfigurationPlatforms) = preSolution
		Debug|Any CPU = Debug|Any CPU
		Release|Any CPU = Release|Any CPU
	EndGlobalSection
	GlobalSection(ProjectConfigurationPlatforms) = postSolution
		{3054F192-3972-47E7-8B41-2248E2CF1D95}.Debug|Any CPU.ActiveCfg = Debug|Any CPU
		{3054F192-3972-47E7-8B41-2248E2CF1D95}.Debug|Any CPU.Build.0 = Debug|Any CPU
		{3054F192-3972-47E7-8B41-2248E2CF1D95}.Release|Any CPU.ActiveCfg = Release|Any CPU
		{3054F192-3972-47E7-8B41-2248E2CF1D95}.Release|Any CPU.Build.0 = Release|Any CPU
		{1B65F3A9-FCC3-404C-8190-C722498D8176}.Debug|Any CPU.ActiveCfg = Debug|Any CPU
		{1B65F3A9-FCC3-404C-8190-C722498D8176}.Debug|Any CPU.Build.0 = Debug|Any CPU
		{1B65F3A9-FCC3-404C-8190-C722498D8176}.Release|Any CPU.ActiveCfg = Release|Any CPU
		{1B65F3A9-FCC3-404C-8190-C722498D8176}.Release|Any CPU.Build.0 = Release|Any CPU
		{0AE4684F-F06C-4609-9B64-6056D980DF29}.Debug|Any CPU.ActiveCfg = Debug|Any CPU
		{0AE4684F-F06C-4609-9B64-6056D980DF29}.Debug|Any CPU.Build.0 = Debug|Any CPU
		{0AE4684F-F06C-4609-9B64-6056D980DF29}.Release|Any CPU.ActiveCfg = Release|Any CPU
		{0AE4684F-F06C-4609-9B64-6056D980DF29}.Release|Any CPU.Build.0 = Release|Any CPU
		{6EE09D4B-C757-4372-A538-C71C2F096371}.Debug|Any CPU.ActiveCfg = Debug|Any CPU
		{6EE09D4B-C757-4372-A538-C71C2F096371}.Debug|Any CPU.Build.0 = Debug|Any CPU
		{6EE09D4B-C757-4372-A538-C71C2F096371}.Release|Any CPU.ActiveCfg = Release|Any CPU
		{6EE09D4B-C757-4372-A538-C71C2F096371}.Release|Any CPU.Build.0 = Release|Any CPU
	EndGlobalSection
	GlobalSection(SolutionProperties) = preSolution
		HideSolutionNode = FALSE
	EndGlobalSection
EndGlobal
