
Microsoft Visual Studio Solution File, Format Version 10.00
# Visual Studio 2008
Project("{FAE04EC0-301F-11D3-BF4B-00C04F79EFBC}") = "RegistSendTo", "RegistSendTo\RegistSendTo.csproj", "{6BD26C9D-D415-47B4-85B7-FC5A87BA440E}"
EndProject
Global
	GlobalSection(SolutionConfigurationPlatforms) = preSolution
		Debug|Any CPU = Debug|Any CPU
		Release|Any CPU = Release|Any CPU
	EndGlobalSection
	GlobalSection(ProjectConfigurationPlatforms) = postSolution
		{6BD26C9D-D415-47B4-85B7-FC5A87BA440E}.Debug|Any CPU.ActiveCfg = Debug|Any CPU
		{6BD26C9D-D415-47B4-85B7-FC5A87BA440E}.Debug|Any CPU.Build.0 = Debug|Any CPU
		{6BD26C9D-D415-47B4-85B7-FC5A87BA440E}.Release|Any CPU.ActiveCfg = Release|Any CPU
		{6BD26C9D-D415-47B4-85B7-FC5A87BA440E}.Release|Any CPU.Build.0 = Release|Any CPU
	EndGlobalSection
	GlobalSection(SolutionProperties) = preSolution
		HideSolutionNode = FALSE
	EndGlobalSection
EndGlobal
